// !$*UTF8*$!
{
	archiveVersion = 1;
	classes = {
	};
	objectVersion = 46;
	objects = {

/* Begin PBXBuildFile section */
		6B33E55A1C473BF1000E6701 /* AppDelegate.swift in Sources */ = {isa = PBXBuildFile; fileRef = 6B33E5591C473BF1000E6701 /* AppDelegate.swift */; };
		6B33E55C1C473BF1000E6701 /* ViewController.swift in Sources */ = {isa = PBXBuildFile; fileRef = 6B33E55B1C473BF1000E6701 /* ViewController.swift */; };
		6B33E55F1C473BF1000E6701 /* Main.storyboard in Resources */ = {isa = PBXBuildFile; fileRef = 6B33E55D1C473BF1000E6701 /* Main.storyboard */; };
		6B33E5611C473BF1000E6701 /* Assets.xcassets in Resources */ = {isa = PBXBuildFile; fileRef = 6B33E5601C473BF1000E6701 /* Assets.xcassets */; };
		6B33E5641C473BF1000E6701 /* LaunchScreen.storyboard in Resources */ = {isa = PBXBuildFile; fileRef = 6B33E5621C473BF1000E6701 /* LaunchScreen.storyboard */; };
		6B33E56C1C473C53000E6701 /* ModelIO.framework in Frameworks */ = {isa = PBXBuildFile; fileRef = 6B33E56B1C473C53000E6701 /* ModelIO.framework */; };
		6B33E56E1C473CC7000E6701 /* art.scnassets in Resources */ = {isa = PBXBuildFile; fileRef = 6B33E56D1C473CC7000E6701 /* art.scnassets */; };
		6B33E5701C473E76000E6701 /* arrow.dae in Resources */ = {isa = PBXBuildFile; fileRef = 6B33E56F1C473E76000E6701 /* arrow.dae */; };
/* End PBXBuildFile section */

/* Begin PBXFileReference section */
		6B33E5561C473BF1000E6701 /* scenekitwp.app */ = {isa = PBXFileReference; explicitFileType = wrapper.application; includeInIndex = 0; path = scenekitwp.app; sourceTree = BUILT_PRODUCTS_DIR; };
		6B33E5591C473BF1000E6701 /* AppDelegate.swift */ = {isa = PBXFileReference; lastKnownFileType = sourcecode.swift; path = AppDelegate.swift; sourceTree = "<group>"; };
		6B33E55B1C473BF1000E6701 /* ViewController.swift */ = {isa = PBXFileReference; lastKnownFileType = sourcecode.swift; path = ViewController.swift; sourceTree = "<group>"; };
		6B33E55E1C473BF1000E6701 /* Base */ = {isa = PBXFileReference; lastKnownFileType = file.storyboard; name = Base; path = Base.lproj/Main.storyboard; sourceTree = "<group>"; };
		6B33E5601C473BF1000E6701 /* Assets.xcassets */ = {isa = PBXFileReference; lastKnownFileType = folder.assetcatalog; path = Assets.xcassets; sourceTree = "<group>"; };
		6B33E5631C473BF1000E6701 /* Base */ = {isa = PBXFileReference; lastKnownFileType = file.storyboard; name = Base; path = Base.lproj/LaunchScreen.storyboard; sourceTree = "<group>"; };
		6B33E5651C473BF1000E6701 /* Info.plist */ = {isa = PBXFileReference; lastKnownFileType = text.plist.xml; path = Info.plist; sourceTree = "<group>"; };
		6B33E56B1C473C53000E6701 /* ModelIO.framework */ = {isa = PBXFileReference; lastKnownFileType = wrapper.framework; name = ModelIO.framework; path = System/Library/Frameworks/ModelIO.framework; sourceTree = SDKROOT; };
		6B33E56D1C473CC7000E6701 /* art.scnassets */ = {isa = PBXFileReference; lastKnownFileType = wrapper.scnassets; name = art.scnassets; path = ../art.scnassets; sourceTree = "<group>"; };
		6B33E56F1C473E76000E6701 /* arrow.dae */ = {isa = PBXFileReference; fileEncoding = 4; lastKnownFileType = text.xml.dae; path = arrow.dae; sourceTree = "<group>"; };
/* End PBXFileReference section */

/* Begin PBXFrameworksBuildPhase section */
		6B33E5531C473BF1000E6701 /* Frameworks */ = {
			isa = PBXFrameworksBuildPhase;
			buildActionMask = 2147483647;
			files = (
				6B33E56C1C473C53000E6701 /* ModelIO.framework in Frameworks */,
			);
			runOnlyForDeploymentPostprocessing = 0;
		};
/* End PBXFrameworksBuildPhase section */

/* Begin PBXGroup section */
		6B33E54D1C473BF1000E6701 = {
			isa = PBXGroup;
			children = (
				6B33E56B1C473C53000E6701 /* ModelIO.framework */,
				6B33E5581C473BF1000E6701 /* scenekitwp */,
				6B33E5571C473BF1000E6701 /* Products */,
			);
			sourceTree = "<group>";
		};
		6B33E5571C473BF1000E6701 /* Products */ = {
			isa = PBXGroup;
			children = (
				6B33E5561C473BF1000E6701 /* scenekitwp.app */,
			);
			name = Products;
			sourceTree = "<group>";
		};
		6B33E5581C473BF1000E6701 /* scenekitwp */ = {
			isa = PBXGroup;
			children = (
				6B33E56F1C473E76000E6701 /* arrow.dae */,
				6B33E56D1C473CC7000E6701 /* art.scnassets */,
				6B33E5591C473BF1000E6701 /* AppDelegate.swift */,
				6B33E55B1C473BF1000E6701 /* ViewController.swift */,
				6B33E55D1C473BF1000E6701 /* Main.storyboard */,
				6B33E5601C473BF1000E6701 /* Assets.xcassets */,
				6B33E5621C473BF1000E6701 /* LaunchScreen.storyboard */,
				6B33E5651C473BF1000E6701 /* Info.plist */,
			);
			path = scenekitwp;
			sourceTree = "<group>";
		};
/* End PBXGroup section */

/* Begin PBXNativeTarget section */
		6B33E5551C473BF1000E6701 /* scenekitwp */ = {
			isa = PBXNativeTarget;
			buildConfigurationList = 6B33E5681C473BF1000E6701 /* Build configuration list for PBXNativeTarget "scenekitwp" */;
			buildPhases = (
				6B33E5521C473BF1000E6701 /* Sources */,
				6B33E5531C473BF1000E6701 /* Frameworks */,
				6B33E5541C473BF1000E6701 /* Resources */,
			);
			buildRules = (
			);
			dependencies = (
			);
			name = scenekitwp;
			productName = scenekitwp;
			productReference = 6B33E5561C473BF1000E6701 /* scenekitwp.app */;
			productType = "com.apple.product-type.application";
		};
/* End PBXNativeTarget section */

/* Begin PBXProject section */
		6B33E54E1C473BF1000E6701 /* Project object */ = {
			isa = PBXProject;
			attributes = {
				LastSwiftUpdateCheck = 0720;
				LastUpgradeCheck = 0720;
				ORGANIZATIONNAME = "Ethan Sherr";
				TargetAttributes = {
					6B33E5551C473BF1000E6701 = {
						CreatedOnToolsVersion = 7.2;
						DevelopmentTeam = R3394T39YY;
					};
				};
			};
			buildConfigurationList = 6B33E5511C473BF1000E6701 /* Build configuration list for PBXProject "scenekitwp" */;
			compatibilityVersion = "Xcode 3.2";
			developmentRegion = English;
			hasScannedForEncodings = 0;
			knownRegions = (
				en,
				Base,
			);
			mainGroup = 6B33E54D1C473BF1000E6701;
			productRefGroup = 6B33E5571C473BF1000E6701 /* Products */;
			projectDirPath = "";
			projectRoot = "";
			targets = (
				6B33E5551C473BF1000E6701 /* scenekitwp */,
			);
		};
/* End PBXProject section */

/* Begin PBXResourcesBuildPhase section */
		6B33E5541C473BF1000E6701 /* Resources */ = {
			isa = PBXResourcesBuildPhase;
			buildActionMask = 2147483647;
			files = (
				6B33E5701C473E76000E6701 /* arrow.dae in Resources */,
				6B33E5641C473BF1000E6701 /* LaunchScreen.storyboard in Resources */,
				6B33E56E1C473CC7000E6701 /* art.scnassets in Resources */,
				6B33E5611C473BF1000E6701 /* Assets.xcassets in Resources */,
				6B33E55F1C473BF1000E6701 /* Main.storyboard in Resources */,
			);
			runOnlyForDeploymentPostprocessing = 0;
		};
/* End PBXResourcesBuildPhase section */

/* Begin PBXSourcesBuildPhase section */
		6B33E5521C473BF1000E6701 /* Sources */ = {
			isa = PBXSourcesBuildPhase;
			buildActionMask = 2147483647;
			files = (
				6B33E55C1C473BF1000E6701 /* ViewController.swift in Sources */,
				6B33E55A1C473BF1000E6701 /* AppDelegate.swift in Sources */,
			);
			runOnlyForDeploymentPostprocessing = 0;
		};
/* End PBXSourcesBuildPhase section */

/* Begin PBXVariantGroup section */
		6B33E55D1C473BF1000E6701 /* Main.storyboard */ = {
			isa = PBXVariantGroup;
			children = (
				6B33E55E1C473BF1000E6701 /* Base */,
			);
			name = Main.storyboard;
			sourceTree = "<group>";
		};
		6B33E5621C473BF1000E6701 /* LaunchScreen.storyboard */ = {
			isa = PBXVariantGroup;
			children = (
				6B33E5631C473BF1000E6701 /* Base */,
			);
			name = LaunchScreen.storyboard;
			sourceTree = "<group>";
		};
/* End PBXVariantGroup section */

/* Begin XCBuildConfiguration section */
		6B33E5661C473BF1000E6701 /* Debug */ = {
			isa = XCBuildConfiguration;
			buildSettings = {
				ALWAYS_SEARCH_USER_PATHS = NO;
				CLANG_CXX_LANGUAGE_STANDARD = "gnu++0x";
				CLANG_CXX_LIBRARY = "libc++";
				CLANG_ENABLE_MODULES = YES;
				CLANG_ENABLE_OBJC_ARC = YES;
				CLANG_WARN_BOOL_CONVERSION = YES;
				CLANG_WARN_CONSTANT_CONVERSION = YES;
				CLANG_WARN_DIRECT_OBJC_ISA_USAGE = YES_ERROR;
				CLANG_WARN_EMPTY_BODY = YES;
				CLANG_WARN_ENUM_CONVERSION = YES;
				CLANG_WARN_INT_CONVERSION = YES;
				CLANG_WARN_OBJC_ROOT_CLASS = YES_ERROR;
				CLANG_WARN_UNREACHABLE_CODE = YES;
				CLANG_WARN__DUPLICATE_METHOD_MATCH = YES;
				"CODE_SIGN_IDENTITY[sdk=iphoneos*]" = "iPhone Developer";
				COPY_PHASE_STRIP = NO;
				DEBUG_INFORMATION_FORMAT = dwarf;
				ENABLE_STRICT_OBJC_MSGSEND = YES;
				ENABLE_TESTABILITY = YES;
				GCC_C_LANGUAGE_STANDARD = gnu99;
				GCC_DYNAMIC_NO_PIC = NO;
				GCC_NO_COMMON_BLOCKS = YES;
				GCC_OPTIMIZATION_LEVEL = 0;
				GCC_PREPROCESSOR_DEFINITIONS = (
					"DEBUG=1",
					"$(inherited)",
				);
				GCC_WARN_64_TO_32_BIT_CONVERSION = YES;
				GCC_WARN_ABOUT_RETURN_TYPE = YES_ERROR;
				GCC_WARN_UNDECLARED_SELECTOR = YES;
				GCC_WARN_UNINITIALIZED_AUTOS = YES_AGGRESSIVE;
				GCC_WARN_UNUSED_FUNCTION = YES;
				GCC_WARN_UNUSED_VARIABLE = YES;
				IPHONEOS_DEPLOYMENT_TARGET = 9.2;
				MTL_ENABLE_DEBUG_INFO = YES;
				ONLY_ACTIVE_ARCH = YES;
				SDKROOT = iphoneos;
				SWIFT_OPTIMIZATION_LEVEL = "-Onone";
			};
			name = Debug;
		};
		6B33E5671C473BF1000E6701 /* Release */ = {
			isa = XCBuildConfiguration;
			buildSettings = {
				ALWAYS_SEARCH_USER_PATHS = NO;
				CLANG_CXX_LANGUAGE_STANDARD = "gnu++0x";
				CLANG_CXX_LIBRARY = "libc++";
				CLANG_ENABLE_MODULES = YES;
				CLANG_ENABLE_OBJC_ARC = YES;
				CLANG_WARN_BOOL_CONVERSION = YES;
				CLANG_WARN_CONSTANT_CONVERSION = YES;
				CLANG_WARN_DIRECT_OBJC_ISA_USAGE = YES_ERROR;
				CLANG_WARN_EMPTY_BODY = YES;
				CLANG_WARN_ENUM_CONVERSION = YES;
				CLANG_WARN_INT_CONVERSION = YES;
				CLANG_WARN_OBJC_ROOT_CLASS = YES_ERROR;
				CLANG_WARN_UNREACHABLE_CODE = YES;
				CLANG_WARN__DUPLICATE_METHOD_MATCH = YES;
				"CODE_SIGN_IDENTITY[sdk=iphoneos*]" = "iPhone Developer";
				COPY_PHASE_STRIP = NO;
				DEBUG_INFORMATION_FORMAT = "dwarf-with-dsym";
				ENABLE_NS_ASSERTIONS = NO;
				ENABLE_STRICT_OBJC_MSGSEND = YES;
				GCC_C_LANGUAGE_STANDARD = gnu99;
				GCC_NO_COMMON_BLOCKS = YES;
				GCC_WARN_64_TO_32_BIT_CONVERSION = YES;
				GCC_WARN_ABOUT_RETURN_TYPE = YES_ERROR;
				GCC_WARN_UNDECLARED_SELECTOR = YES;
				GCC_WARN_UNINITIALIZED_AUTOS = YES_AGGRESSIVE;
				GCC_WARN_UNUSED_FUNCTION = YES;
				GCC_WARN_UNUSED_VARIABLE = YES;
				IPHONEOS_DEPLOYMENT_TARGET = 9.2;
				MTL_ENABLE_DEBUG_INFO = NO;
				SDKROOT = iphoneos;
				VALIDATE_PRODUCT = YES;
			};
			name = Release;
		};
		6B33E5691C473BF1000E6701 /* Debug */ = {
			isa = XCBuildConfiguration;
			buildSettings = {
				ASSETCATALOG_COMPILER_APPICON_NAME = AppIcon;
				CODE_SIGN_IDENTITY = "iPhone Developer";
				"CODE_SIGN_IDENTITY[sdk=iphoneos*]" = "iPhone Developer";
				INFOPLIST_FILE = scenekitwp/Info.plist;
				LD_RUNPATH_SEARCH_PATHS = "$(inherited) @executable_path/Frameworks";
				PRODUCT_BUNDLE_IDENTIFIER = zipcar.scenekitwp;
				PRODUCT_NAME = "$(TARGET_NAME)";
				PROVISIONING_PROFILE = "";
			};
			name = Debug;
		};
		6B33E56A1C473BF1000E6701 /* Release */ = {
			isa = XCBuildConfiguration;
			buildSettings = {
				ASSETCATALOG_COMPILER_APPICON_NAME = AppIcon;
				CODE_SIGN_IDENTITY = "iPhone Developer";
				"CODE_SIGN_IDENTITY[sdk=iphoneos*]" = "iPhone Developer";
				INFOPLIST_FILE = scenekitwp/Info.plist;
				LD_RUNPATH_SEARCH_PATHS = "$(inherited) @executable_path/Frameworks";
				PRODUCT_BUNDLE_IDENTIFIER = zipcar.scenekitwp;
				PRODUCT_NAME = "$(TARGET_NAME)";
				PROVISIONING_PROFILE = "";
			};
			name = Release;
		};
/* End XCBuildConfiguration section */

/* Begin XCConfigurationList section */
		6B33E5511C473BF1000E6701 /* Build configuration list for PBXProject "scenekitwp" */ = {
			isa = XCConfigurationList;
			buildConfigurations = (
				6B33E5661C473BF1000E6701 /* Debug */,
				6B33E5671C473BF1000E6701 /* Release */,
			);
			defaultConfigurationIsVisible = 0;
			defaultConfigurationName = Release;
		};
		6B33E5681C473BF1000E6701 /* Build configuration list for PBXNativeTarget "scenekitwp" */ = {
			isa = XCConfigurationList;
			buildConfigurations = (
				6B33E5691C473BF1000E6701 /* Debug */,
				6B33E56A1C473BF1000E6701 /* Release */,
			);
			defaultConfigurationIsVisible = 0;
		};
/* End XCConfigurationList section */
	};
	rootObject = 6B33E54E1C473BF1000E6701 /* Project object */;
}
